
Microsoft Visual Studio Solution File, Format Version 12.00
# Visual Studio Version 17
VisualStudioVersion = 17.14.36518.9
MinimumVisualStudioVersion = 10.0.40219.1
Project("{FAE04EC0-301F-11D3-BF4B-00C04F79EFBC}") = "LearningWeb", "LearningWeb\LearningWeb.csproj", "{40EAD072-BABC-49F8-8C30-64332578DB01}"
EndProject
Project("{FAE04EC0-301F-11D3-BF4B-00C04F79EFBC}") = "Learning.DataAccess", "Learning.DataAccess\Learning.DataAccess.csproj", "{5BFFA812-2D7B-473A-8DF9-6B9444228BFB}"
EndProject
Project("{FAE04EC0-301F-11D3-BF4B-00C04F79EFBC}") = "Learning.Models", "Learning.Models\Learning.Models.csproj", "{118CC0A2-C426-4150-AEAE-A16DBE5FE74B}"
EndProject
Project("{FAE04EC0-301F-11D3-BF4B-00C04F79EFBC}") = "Learning.Utility", "Learning.Utility\Learning.Utility.csproj", "{2820C221-0AA8-4715-B551-1141247A233A}"
EndProject
Global
	GlobalSection(SolutionConfigurationPlatforms) = preSolution
		Debug|Any CPU = Debug|Any CPU
		Release|Any CPU = Release|Any CPU
	EndGlobalSection
	GlobalSection(ProjectConfigurationPlatforms) = postSolution
		{40EAD072-BABC-49F8-8C30-64332578DB01}.Debug|Any CPU.ActiveCfg = Debug|Any CPU
		{40EAD072-BABC-49F8-8C30-64332578DB01}.Debug|Any CPU.Build.0 = Debug|Any CPU
		{40EAD072-BABC-49F8-8C30-64332578DB01}.Release|Any CPU.ActiveCfg = Release|Any CPU
		{40EAD072-BABC-49F8-8C30-64332578DB01}.Release|Any CPU.Build.0 = Release|Any CPU
		{5BFFA812-2D7B-473A-8DF9-6B9444228BFB}.Debug|Any CPU.ActiveCfg = Debug|Any CPU
		{5BFFA812-2D7B-473A-8DF9-6B9444228BFB}.Debug|Any CPU.Build.0 = Debug|Any CPU
		{5BFFA812-2D7B-473A-8DF9-6B9444228BFB}.Release|Any CPU.ActiveCfg = Release|Any CPU
		{5BFFA812-2D7B-473A-8DF9-6B9444228BFB}.Release|Any CPU.Build.0 = Release|Any CPU
		{118CC0A2-C426-4150-AEAE-A16DBE5FE74B}.Debug|Any CPU.ActiveCfg = Debug|Any CPU
		{118CC0A2-C426-4150-AEAE-A16DBE5FE74B}.Debug|Any CPU.Build.0 = Debug|Any CPU
		{118CC0A2-C426-4150-AEAE-A16DBE5FE74B}.Release|Any CPU.ActiveCfg = Release|Any CPU
		{118CC0A2-C426-4150-AEAE-A16DBE5FE74B}.Release|Any CPU.Build.0 = Release|Any CPU
		{2820C221-0AA8-4715-B551-1141247A233A}.Debug|Any CPU.ActiveCfg = Debug|Any CPU
		{2820C221-0AA8-4715-B551-1141247A233A}.Debug|Any CPU.Build.0 = Debug|Any CPU
		{2820C221-0AA8-4715-B551-1141247A233A}.Release|Any CPU.ActiveCfg = Release|Any CPU
		{2820C221-0AA8-4715-B551-1141247A233A}.Release|Any CPU.Build.0 = Release|Any CPU
	EndGlobalSection
	GlobalSection(SolutionProperties) = preSolution
		HideSolutionNode = FALSE
	EndGlobalSection
	GlobalSection(ExtensibilityGlobals) = postSolution
		SolutionGuid = {4313E59D-4A96-4031-A367-60F04439D3BF}
	EndGlobalSection
EndGlobal
